
Microsoft Visual Studio Solution File, Format Version 12.00
# Visual Studio Version 16
VisualStudioVersion = 16.0.31613.86
MinimumVisualStudioVersion = 10.0.40219.1
Project("{FAE04EC0-301F-11D3-BF4B-00C04F79EFBC}") = "StimulsoftDemo", "StimulsoftDemo.csproj", "{0AE230DF-258D-4D0A-BC09-0C318C5BBF0E}"
EndProject
Global
	GlobalSection(SolutionConfigurationPlatforms) = preSolution
		Debug|Any CPU = Debug|Any CPU
		Release|Any CPU = Release|Any CPU
	EndGlobalSection
	GlobalSection(ProjectConfigurationPlatforms) = postSolution
		{0AE230DF-258D-4D0A-BC09-0C318C5BBF0E}.Debug|Any CPU.ActiveCfg = Debug|Any CPU
		{0AE230DF-258D-4D0A-BC09-0C318C5BBF0E}.Debug|Any CPU.Build.0 = Debug|Any CPU
		{0AE230DF-258D-4D0A-BC09-0C318C5BBF0E}.Release|Any CPU.ActiveCfg = Release|Any CPU
		{0AE230DF-258D-4D0A-BC09-0C318C5BBF0E}.Release|Any CPU.Build.0 = Release|Any CPU
	EndGlobalSection
	GlobalSection(SolutionProperties) = preSolution
		HideSolutionNode = FALSE
	EndGlobalSection
	GlobalSection(ExtensibilityGlobals) = postSolution
		SolutionGuid = {C2A6118D-ECBD-4D3F-BA3C-61AC971D6E64}
	EndGlobalSection
EndGlobal
